
Microsoft Visual Studio Solution File, Format Version 12.00
# Visual Studio Version 17
VisualStudioVersion = 17.6.33815.320
MinimumVisualStudioVersion = 10.0.40219.1
Project("{2150E333-8FDC-42A3-9474-1A3956D46DE8}") = "Source", "Source", "{5A518C9B-A6DD-413E-96BE-672E44741D79}"
EndProject
Project("{2150E333-8FDC-42A3-9474-1A3956D46DE8}") = "Platforms", "Platforms", "{589B50EF-AD88-49C2-BAF0-6FF1E3FA02AE}"
EndProject
Project("{9A19103F-16F7-4668-BE54-9A1E7A4F7556}") = "ProjectSBS.DataContracts", "ProjectSBS.DataContracts\ProjectSBS.DataContracts.csproj", "{FDDCCB70-E52B-4207-A24D-397F4A9E2BCF}"
EndProject
Project("{9A19103F-16F7-4668-BE54-9A1E7A4F7556}") = "ProjectSBS", "ProjectSBS\ProjectSBS.csproj", "{99A54D3C-1832-4B04-9B46-3818B9FBF8E2}"
EndProject
Project("{9A19103F-16F7-4668-BE54-9A1E7A4F7556}") = "ProjectSBS.Mobile", "ProjectSBS.Mobile\ProjectSBS.Mobile.csproj", "{04B92B18-B936-47B1-A234-15DCBAF19337}"
EndProject
Project("{9A19103F-16F7-4668-BE54-9A1E7A4F7556}") = "ProjectSBS.Windows", "ProjectSBS.Windows\ProjectSBS.Windows.csproj", "{EF2F8456-EC24-4C9D-A4D3-84607E815C57}"
EndProject
Project("{9A19103F-16F7-4668-BE54-9A1E7A4F7556}") = "ProjectSBS.Wasm", "ProjectSBS.Wasm\ProjectSBS.Wasm.csproj", "{EF545B50-1A0D-434C-8AED-BE951C7714F9}"
EndProject
Project("{9A19103F-16F7-4668-BE54-9A1E7A4F7556}") = "ProjectSBS.Skia.Gtk", "ProjectSBS.Skia.Gtk\ProjectSBS.Skia.Gtk.csproj", "{99E5F1A3-2825-41A3-BF09-40611AA091EB}"
EndProject
Global
	GlobalSection(SolutionConfigurationPlatforms) = preSolution
		Debug|Any CPU = Debug|Any CPU
		Debug|arm64 = Debug|arm64
		Debug|x64 = Debug|x64
		Debug|x86 = Debug|x86
		Release|Any CPU = Release|Any CPU
		Release|arm64 = Release|arm64
		Release|x64 = Release|x64
		Release|x86 = Release|x86
	EndGlobalSection
	GlobalSection(ProjectConfigurationPlatforms) = postSolution
		{FDDCCB70-E52B-4207-A24D-397F4A9E2BCF}.Debug|Any CPU.ActiveCfg = Debug|Any CPU
		{FDDCCB70-E52B-4207-A24D-397F4A9E2BCF}.Debug|Any CPU.Build.0 = Debug|Any CPU
		{FDDCCB70-E52B-4207-A24D-397F4A9E2BCF}.Debug|arm64.ActiveCfg = Debug|Any CPU
		{FDDCCB70-E52B-4207-A24D-397F4A9E2BCF}.Debug|arm64.Build.0 = Debug|Any CPU
		{FDDCCB70-E52B-4207-A24D-397F4A9E2BCF}.Debug|x64.ActiveCfg = Debug|Any CPU
		{FDDCCB70-E52B-4207-A24D-397F4A9E2BCF}.Debug|x64.Build.0 = Debug|Any CPU
		{FDDCCB70-E52B-4207-A24D-397F4A9E2BCF}.Debug|x86.ActiveCfg = Debug|Any CPU
		{FDDCCB70-E52B-4207-A24D-397F4A9E2BCF}.Debug|x86.Build.0 = Debug|Any CPU
		{FDDCCB70-E52B-4207-A24D-397F4A9E2BCF}.Release|Any CPU.ActiveCfg = Release|Any CPU
		{FDDCCB70-E52B-4207-A24D-397F4A9E2BCF}.Release|Any CPU.Build.0 = Release|Any CPU
		{FDDCCB70-E52B-4207-A24D-397F4A9E2BCF}.Release|arm64.ActiveCfg = Release|Any CPU
		{FDDCCB70-E52B-4207-A24D-397F4A9E2BCF}.Release|arm64.Build.0 = Release|Any CPU
		{FDDCCB70-E52B-4207-A24D-397F4A9E2BCF}.Release|x64.ActiveCfg = Release|Any CPU
		{FDDCCB70-E52B-4207-A24D-397F4A9E2BCF}.Release|x64.Build.0 = Release|Any CPU
		{FDDCCB70-E52B-4207-A24D-397F4A9E2BCF}.Release|x86.ActiveCfg = Release|Any CPU
		{FDDCCB70-E52B-4207-A24D-397F4A9E2BCF}.Release|x86.Build.0 = Release|Any CPU
		{99A54D3C-1832-4B04-9B46-3818B9FBF8E2}.Debug|Any CPU.ActiveCfg = Debug|Any CPU
		{99A54D3C-1832-4B04-9B46-3818B9FBF8E2}.Debug|Any CPU.Build.0 = Debug|Any CPU
		{99A54D3C-1832-4B04-9B46-3818B9FBF8E2}.Debug|arm64.ActiveCfg = Debug|Any CPU
		{99A54D3C-1832-4B04-9B46-3818B9FBF8E2}.Debug|arm64.Build.0 = Debug|Any CPU
		{99A54D3C-1832-4B04-9B46-3818B9FBF8E2}.Debug|x64.ActiveCfg = Debug|Any CPU
		{99A54D3C-1832-4B04-9B46-3818B9FBF8E2}.Debug|x64.Build.0 = Debug|Any CPU
		{99A54D3C-1832-4B04-9B46-3818B9FBF8E2}.Debug|x86.ActiveCfg = Debug|Any CPU
		{99A54D3C-1832-4B04-9B46-3818B9FBF8E2}.Debug|x86.Build.0 = Debug|Any CPU
		{99A54D3C-1832-4B04-9B46-3818B9FBF8E2}.Release|Any CPU.ActiveCfg = Release|Any CPU
		{99A54D3C-1832-4B04-9B46-3818B9FBF8E2}.Release|Any CPU.Build.0 = Release|Any CPU
		{99A54D3C-1832-4B04-9B46-3818B9FBF8E2}.Release|arm64.ActiveCfg = Release|Any CPU
		{99A54D3C-1832-4B04-9B46-3818B9FBF8E2}.Release|arm64.Build.0 = Release|Any CPU
		{99A54D3C-1832-4B04-9B46-3818B9FBF8E2}.Release|x64.ActiveCfg = Release|Any CPU
		{99A54D3C-1832-4B04-9B46-3818B9FBF8E2}.Release|x64.Build.0 = Release|Any CPU
		{99A54D3C-1832-4B04-9B46-3818B9FBF8E2}.Release|x86.ActiveCfg = Release|Any CPU
		{99A54D3C-1832-4B04-9B46-3818B9FBF8E2}.Release|x86.Build.0 = Release|Any CPU
		{04B92B18-B936-47B1-A234-15DCBAF19337}.Debug|Any CPU.ActiveCfg = Debug|Any CPU
		{04B92B18-B936-47B1-A234-15DCBAF19337}.Debug|Any CPU.Build.0 = Debug|Any CPU
		{04B92B18-B936-47B1-A234-15DCBAF19337}.Debug|Any CPU.Deploy.0 = Debug|Any CPU
		{04B92B18-B936-47B1-A234-15DCBAF19337}.Debug|arm64.ActiveCfg = Debug|Any CPU
		{04B92B18-B936-47B1-A234-15DCBAF19337}.Debug|arm64.Build.0 = Debug|Any CPU
		{04B92B18-B936-47B1-A234-15DCBAF19337}.Debug|arm64.Deploy.0 = Debug|Any CPU
		{04B92B18-B936-47B1-A234-15DCBAF19337}.Debug|x64.ActiveCfg = Debug|Any CPU
		{04B92B18-B936-47B1-A234-15DCBAF19337}.Debug|x64.Build.0 = Debug|Any CPU
		{04B92B18-B936-47B1-A234-15DCBAF19337}.Debug|x64.Deploy.0 = Debug|Any CPU
		{04B92B18-B936-47B1-A234-15DCBAF19337}.Debug|x86.ActiveCfg = Debug|Any CPU
		{04B92B18-B936-47B1-A234-15DCBAF19337}.Debug|x86.Build.0 = Debug|Any CPU
		{04B92B18-B936-47B1-A234-15DCBAF19337}.Debug|x86.Deploy.0 = Debug|Any CPU
		{04B92B18-B936-47B1-A234-15DCBAF19337}.Release|Any CPU.ActiveCfg = Release|Any CPU
		{04B92B18-B936-47B1-A234-15DCBAF19337}.Release|Any CPU.Build.0 = Release|Any CPU
		{04B92B18-B936-47B1-A234-15DCBAF19337}.Release|Any CPU.Deploy.0 = Release|Any CPU
		{04B92B18-B936-47B1-A234-15DCBAF19337}.Release|arm64.ActiveCfg = Release|Any CPU
		{04B92B18-B936-47B1-A234-15DCBAF19337}.Release|arm64.Build.0 = Release|Any CPU
		{04B92B18-B936-47B1-A234-15DCBAF19337}.Release|arm64.Deploy.0 = Release|Any CPU
		{04B92B18-B936-47B1-A234-15DCBAF19337}.Release|x64.ActiveCfg = Release|Any CPU
		{04B92B18-B936-47B1-A234-15DCBAF19337}.Release|x64.Build.0 = Release|Any CPU
		{04B92B18-B936-47B1-A234-15DCBAF19337}.Release|x64.Deploy.0 = Release|Any CPU
		{04B92B18-B936-47B1-A234-15DCBAF19337}.Release|x86.ActiveCfg = Release|Any CPU
		{04B92B18-B936-47B1-A234-15DCBAF19337}.Release|x86.Build.0 = Release|Any CPU
		{04B92B18-B936-47B1-A234-15DCBAF19337}.Release|x86.Deploy.0 = Release|Any CPU
		{EF2F8456-EC24-4C9D-A4D3-84607E815C57}.Debug|Any CPU.ActiveCfg = Debug|x64
		{EF2F8456-EC24-4C9D-A4D3-84607E815C57}.Debug|Any CPU.Build.0 = Debug|x64
		{EF2F8456-EC24-4C9D-A4D3-84607E815C57}.Debug|Any CPU.Deploy.0 = Debug|x64
		{EF2F8456-EC24-4C9D-A4D3-84607E815C57}.Debug|arm64.ActiveCfg = Debug|arm64
		{EF2F8456-EC24-4C9D-A4D3-84607E815C57}.Debug|arm64.Build.0 = Debug|arm64
		{EF2F8456-EC24-4C9D-A4D3-84607E815C57}.Debug|arm64.Deploy.0 = Debug|arm64
		{EF2F8456-EC24-4C9D-A4D3-84607E815C57}.Debug|x64.ActiveCfg = Debug|x64
		{EF2F8456-EC24-4C9D-A4D3-84607E815C57}.Debug|x64.Build.0 = Debug|x64
		{EF2F8456-EC24-4C9D-A4D3-84607E815C57}.Debug|x64.Deploy.0 = Debug|x64
		{EF2F8456-EC24-4C9D-A4D3-84607E815C57}.Debug|x86.ActiveCfg = Debug|x86
		{EF2F8456-EC24-4C9D-A4D3-84607E815C57}.Debug|x86.Build.0 = Debug|x86
		{EF2F8456-EC24-4C9D-A4D3-84607E815C57}.Debug|x86.Deploy.0 = Debug|x86
		{EF2F8456-EC24-4C9D-A4D3-84607E815C57}.Release|Any CPU.ActiveCfg = Release|x64
		{EF2F8456-EC24-4C9D-A4D3-84607E815C57}.Release|Any CPU.Build.0 = Release|x64
		{EF2F8456-EC24-4C9D-A4D3-84607E815C57}.Release|Any CPU.Deploy.0 = Release|x64
		{EF2F8456-EC24-4C9D-A4D3-84607E815C57}.Release|arm64.ActiveCfg = Release|arm64
		{EF2F8456-EC24-4C9D-A4D3-84607E815C57}.Release|arm64.Build.0 = Release|arm64
		{EF2F8456-EC24-4C9D-A4D3-84607E815C57}.Release|arm64.Deploy.0 = Release|arm64
		{EF2F8456-EC24-4C9D-A4D3-84607E815C57}.Release|x64.ActiveCfg = Release|x64
		{EF2F8456-EC24-4C9D-A4D3-84607E815C57}.Release|x64.Build.0 = Release|x64
		{EF2F8456-EC24-4C9D-A4D3-84607E815C57}.Release|x64.Deploy.0 = Release|x64
		{EF2F8456-EC24-4C9D-A4D3-84607E815C57}.Release|x86.ActiveCfg = Release|x86
		{EF2F8456-EC24-4C9D-A4D3-84607E815C57}.Release|x86.Build.0 = Release|x86
		{EF2F8456-EC24-4C9D-A4D3-84607E815C57}.Release|x86.Deploy.0 = Release|x86
		{EF545B50-1A0D-434C-8AED-BE951C7714F9}.Debug|Any CPU.ActiveCfg = Debug|Any CPU
		{EF545B50-1A0D-434C-8AED-BE951C7714F9}.Debug|Any CPU.Build.0 = Debug|Any CPU
		{EF545B50-1A0D-434C-8AED-BE951C7714F9}.Debug|arm64.ActiveCfg = Debug|Any CPU
		{EF545B50-1A0D-434C-8AED-BE951C7714F9}.Debug|arm64.Build.0 = Debug|Any CPU
		{EF545B50-1A0D-434C-8AED-BE951C7714F9}.Debug|x64.ActiveCfg = Debug|Any CPU
		{EF545B50-1A0D-434C-8AED-BE951C7714F9}.Debug|x64.Build.0 = Debug|Any CPU
		{EF545B50-1A0D-434C-8AED-BE951C7714F9}.Debug|x86.ActiveCfg = Debug|Any CPU
		{EF545B50-1A0D-434C-8AED-BE951C7714F9}.Debug|x86.Build.0 = Debug|Any CPU
		{EF545B50-1A0D-434C-8AED-BE951C7714F9}.Release|Any CPU.ActiveCfg = Release|Any CPU
		{EF545B50-1A0D-434C-8AED-BE951C7714F9}.Release|Any CPU.Build.0 = Release|Any CPU
		{EF545B50-1A0D-434C-8AED-BE951C7714F9}.Release|arm64.ActiveCfg = Release|Any CPU
		{EF545B50-1A0D-434C-8AED-BE951C7714F9}.Release|arm64.Build.0 = Release|Any CPU
		{EF545B50-1A0D-434C-8AED-BE951C7714F9}.Release|x64.ActiveCfg = Release|Any CPU
		{EF545B50-1A0D-434C-8AED-BE951C7714F9}.Release|x64.Build.0 = Release|Any CPU
		{EF545B50-1A0D-434C-8AED-BE951C7714F9}.Release|x86.ActiveCfg = Release|Any CPU
		{EF545B50-1A0D-434C-8AED-BE951C7714F9}.Release|x86.Build.0 = Release|Any CPU
		{99E5F1A3-2825-41A3-BF09-40611AA091EB}.Debug|Any CPU.ActiveCfg = Debug|Any CPU
		{99E5F1A3-2825-41A3-BF09-40611AA091EB}.Debug|Any CPU.Build.0 = Debug|Any CPU
		{99E5F1A3-2825-41A3-BF09-40611AA091EB}.Debug|arm64.ActiveCfg = Debug|Any CPU
		{99E5F1A3-2825-41A3-BF09-40611AA091EB}.Debug|arm64.Build.0 = Debug|Any CPU
		{99E5F1A3-2825-41A3-BF09-40611AA091EB}.Debug|x64.ActiveCfg = Debug|Any CPU
		{99E5F1A3-2825-41A3-BF09-40611AA091EB}.Debug|x64.Build.0 = Debug|Any CPU
		{99E5F1A3-2825-41A3-BF09-40611AA091EB}.Debug|x86.ActiveCfg = Debug|Any CPU
		{99E5F1A3-2825-41A3-BF09-40611AA091EB}.Debug|x86.Build.0 = Debug|Any CPU
		{99E5F1A3-2825-41A3-BF09-40611AA091EB}.Release|Any CPU.ActiveCfg = Release|Any CPU
		{99E5F1A3-2825-41A3-BF09-40611AA091EB}.Release|Any CPU.Build.0 = Release|Any CPU
		{99E5F1A3-2825-41A3-BF09-40611AA091EB}.Release|arm64.ActiveCfg = Release|Any CPU
		{99E5F1A3-2825-41A3-BF09-40611AA091EB}.Release|arm64.Build.0 = Release|Any CPU
		{99E5F1A3-2825-41A3-BF09-40611AA091EB}.Release|x64.ActiveCfg = Release|Any CPU
		{99E5F1A3-2825-41A3-BF09-40611AA091EB}.Release|x64.Build.0 = Release|Any CPU
		{99E5F1A3-2825-41A3-BF09-40611AA091EB}.Release|x86.ActiveCfg = Release|Any CPU
		{99E5F1A3-2825-41A3-BF09-40611AA091EB}.Release|x86.Build.0 = Release|Any CPU
	EndGlobalSection
	GlobalSection(SolutionProperties) = preSolution
		HideSolutionNode = FALSE
	EndGlobalSection
	GlobalSection(NestedProjects) = preSolution
		{589B50EF-AD88-49C2-BAF0-6FF1E3FA02AE} = {5A518C9B-A6DD-413E-96BE-672E44741D79}
		{FDDCCB70-E52B-4207-A24D-397F4A9E2BCF} = {5A518C9B-A6DD-413E-96BE-672E44741D79}
		{99A54D3C-1832-4B04-9B46-3818B9FBF8E2} = {5A518C9B-A6DD-413E-96BE-672E44741D79}
		{04B92B18-B936-47B1-A234-15DCBAF19337} = {589B50EF-AD88-49C2-BAF0-6FF1E3FA02AE}
		{EF2F8456-EC24-4C9D-A4D3-84607E815C57} = {589B50EF-AD88-49C2-BAF0-6FF1E3FA02AE}
		{EF545B50-1A0D-434C-8AED-BE951C7714F9} = {589B50EF-AD88-49C2-BAF0-6FF1E3FA02AE}
		{99E5F1A3-2825-41A3-BF09-40611AA091EB} = {589B50EF-AD88-49C2-BAF0-6FF1E3FA02AE}
	EndGlobalSection
	GlobalSection(ExtensibilityGlobals) = postSolution
		SolutionGuid = {4C145E6E-7726-46B7-BA73-792CACA3A441}
	EndGlobalSection
EndGlobal
