
Microsoft Visual Studio Solution File, Format Version 12.00
# Visual Studio Version 17
VisualStudioVersion = 17.8.34309.116
MinimumVisualStudioVersion = 10.0.40219.1
Project("{2150E333-8FDC-42A3-9474-1A3956D46DE8}") = "Source", "Source", "{51A549E3-757A-4B44-81E9-FB4326E4D249}"
EndProject
Project("{2150E333-8FDC-42A3-9474-1A3956D46DE8}") = "Platforms", "Platforms", "{2216F4DD-9491-4852-911C-0CC1AF9BD219}"
EndProject
Project("{2150E333-8FDC-42A3-9474-1A3956D46DE8}") = "Tests", "Tests", "{918D0271-A756-4EF9-8190-3923C6422306}"
EndProject
Project("{9A19103F-16F7-4668-BE54-9A1E7A4F7556}") = "Recurrents.DataContracts", "Recurrents.DataContracts\Recurrents.DataContracts.csproj", "{949C2748-4A4A-4304-9820-FF7A8DB3C973}"
EndProject
Project("{9A19103F-16F7-4668-BE54-9A1E7A4F7556}") = "Recurrents", "Recurrents\Recurrents.csproj", "{196BBC6D-E39E-4540-915C-0A8D2DA25BF9}"
EndProject
Project("{9A19103F-16F7-4668-BE54-9A1E7A4F7556}") = "Recurrents.Tests", "Recurrents.Tests\Recurrents.Tests.csproj", "{2E0E134C-BF3B-4E96-A1BC-AA18BD87F623}"
EndProject
Project("{9A19103F-16F7-4668-BE54-9A1E7A4F7556}") = "Recurrents.UITests", "Recurrents.UITests\Recurrents.UITests.csproj", "{BD33FC88-0503-4767-81D0-C679A060D2C2}"
EndProject
Project("{9A19103F-16F7-4668-BE54-9A1E7A4F7556}") = "Recurrents.Base", "Recurrents.Base\Recurrents.Base.csproj", "{1C3E2C64-BB96-49B5-8206-92EF313604C5}"
EndProject
Project("{9A19103F-16F7-4668-BE54-9A1E7A4F7556}") = "Recurrents.Mobile", "Recurrents.Mobile\Recurrents.Mobile.csproj", "{B5CE1058-3F73-413E-91DE-8654A12CA05B}"
EndProject
Project("{9A19103F-16F7-4668-BE54-9A1E7A4F7556}") = "Recurrents.Windows", "Recurrents.Windows\Recurrents.Windows.csproj", "{ACCEDC85-CFFE-429F-9818-29D9C1D99160}"
EndProject
Project("{9A19103F-16F7-4668-BE54-9A1E7A4F7556}") = "Recurrents.Wasm", "Recurrents.Wasm\Recurrents.Wasm.csproj", "{3F5309E9-9DD4-462A-8978-186E36794582}"
EndProject
Project("{9A19103F-16F7-4668-BE54-9A1E7A4F7556}") = "Recurrents.Skia.Gtk", "Recurrents.Skia.Gtk\Recurrents.Skia.Gtk.csproj", "{17CD6CBE-719A-4FD1-8B34-D056AB3D6734}"
EndProject
Project("{2150E333-8FDC-42A3-9474-1A3956D46DE8}") = "Solution Items", "Solution Items", "{D2A38AB9-95FF-44ED-B61B-2689CA937149}"
	ProjectSection(SolutionItems) = preProject
		.gitignore = .gitignore
		Directory.Build.props = Directory.Build.props
		Directory.Build.targets = Directory.Build.targets
		Directory.Packages.props = Directory.Packages.props
		solution-config.props.sample = solution-config.props.sample
	EndProjectSection
EndProject
Global
	GlobalSection(SolutionConfigurationPlatforms) = preSolution
		Debug|Any CPU = Debug|Any CPU
		Debug|arm64 = Debug|arm64
		Debug|x64 = Debug|x64
		Debug|x86 = Debug|x86
		Release|Any CPU = Release|Any CPU
		Release|arm64 = Release|arm64
		Release|x64 = Release|x64
		Release|x86 = Release|x86
	EndGlobalSection
	GlobalSection(ProjectConfigurationPlatforms) = postSolution
		{949C2748-4A4A-4304-9820-FF7A8DB3C973}.Debug|Any CPU.ActiveCfg = Debug|Any CPU
		{949C2748-4A4A-4304-9820-FF7A8DB3C973}.Debug|Any CPU.Build.0 = Debug|Any CPU
		{949C2748-4A4A-4304-9820-FF7A8DB3C973}.Debug|arm64.ActiveCfg = Debug|Any CPU
		{949C2748-4A4A-4304-9820-FF7A8DB3C973}.Debug|arm64.Build.0 = Debug|Any CPU
		{949C2748-4A4A-4304-9820-FF7A8DB3C973}.Debug|x64.ActiveCfg = Debug|Any CPU
		{949C2748-4A4A-4304-9820-FF7A8DB3C973}.Debug|x64.Build.0 = Debug|Any CPU
		{949C2748-4A4A-4304-9820-FF7A8DB3C973}.Debug|x86.ActiveCfg = Debug|Any CPU
		{949C2748-4A4A-4304-9820-FF7A8DB3C973}.Debug|x86.Build.0 = Debug|Any CPU
		{949C2748-4A4A-4304-9820-FF7A8DB3C973}.Release|Any CPU.ActiveCfg = Release|Any CPU
		{949C2748-4A4A-4304-9820-FF7A8DB3C973}.Release|Any CPU.Build.0 = Release|Any CPU
		{949C2748-4A4A-4304-9820-FF7A8DB3C973}.Release|arm64.ActiveCfg = Release|Any CPU
		{949C2748-4A4A-4304-9820-FF7A8DB3C973}.Release|arm64.Build.0 = Release|Any CPU
		{949C2748-4A4A-4304-9820-FF7A8DB3C973}.Release|x64.ActiveCfg = Release|Any CPU
		{949C2748-4A4A-4304-9820-FF7A8DB3C973}.Release|x64.Build.0 = Release|Any CPU
		{949C2748-4A4A-4304-9820-FF7A8DB3C973}.Release|x86.ActiveCfg = Release|Any CPU
		{949C2748-4A4A-4304-9820-FF7A8DB3C973}.Release|x86.Build.0 = Release|Any CPU
		{196BBC6D-E39E-4540-915C-0A8D2DA25BF9}.Debug|Any CPU.ActiveCfg = Debug|Any CPU
		{196BBC6D-E39E-4540-915C-0A8D2DA25BF9}.Debug|Any CPU.Build.0 = Debug|Any CPU
		{196BBC6D-E39E-4540-915C-0A8D2DA25BF9}.Debug|arm64.ActiveCfg = Debug|Any CPU
		{196BBC6D-E39E-4540-915C-0A8D2DA25BF9}.Debug|arm64.Build.0 = Debug|Any CPU
		{196BBC6D-E39E-4540-915C-0A8D2DA25BF9}.Debug|x64.ActiveCfg = Debug|Any CPU
		{196BBC6D-E39E-4540-915C-0A8D2DA25BF9}.Debug|x64.Build.0 = Debug|Any CPU
		{196BBC6D-E39E-4540-915C-0A8D2DA25BF9}.Debug|x86.ActiveCfg = Debug|Any CPU
		{196BBC6D-E39E-4540-915C-0A8D2DA25BF9}.Debug|x86.Build.0 = Debug|Any CPU
		{196BBC6D-E39E-4540-915C-0A8D2DA25BF9}.Release|Any CPU.ActiveCfg = Release|Any CPU
		{196BBC6D-E39E-4540-915C-0A8D2DA25BF9}.Release|Any CPU.Build.0 = Release|Any CPU
		{196BBC6D-E39E-4540-915C-0A8D2DA25BF9}.Release|arm64.ActiveCfg = Release|Any CPU
		{196BBC6D-E39E-4540-915C-0A8D2DA25BF9}.Release|arm64.Build.0 = Release|Any CPU
		{196BBC6D-E39E-4540-915C-0A8D2DA25BF9}.Release|x64.ActiveCfg = Release|Any CPU
		{196BBC6D-E39E-4540-915C-0A8D2DA25BF9}.Release|x64.Build.0 = Release|Any CPU
		{196BBC6D-E39E-4540-915C-0A8D2DA25BF9}.Release|x86.ActiveCfg = Release|Any CPU
		{196BBC6D-E39E-4540-915C-0A8D2DA25BF9}.Release|x86.Build.0 = Release|Any CPU
		{2E0E134C-BF3B-4E96-A1BC-AA18BD87F623}.Debug|Any CPU.ActiveCfg = Debug|Any CPU
		{2E0E134C-BF3B-4E96-A1BC-AA18BD87F623}.Debug|Any CPU.Build.0 = Debug|Any CPU
		{2E0E134C-BF3B-4E96-A1BC-AA18BD87F623}.Debug|arm64.ActiveCfg = Debug|Any CPU
		{2E0E134C-BF3B-4E96-A1BC-AA18BD87F623}.Debug|arm64.Build.0 = Debug|Any CPU
		{2E0E134C-BF3B-4E96-A1BC-AA18BD87F623}.Debug|x64.ActiveCfg = Debug|Any CPU
		{2E0E134C-BF3B-4E96-A1BC-AA18BD87F623}.Debug|x64.Build.0 = Debug|Any CPU
		{2E0E134C-BF3B-4E96-A1BC-AA18BD87F623}.Debug|x86.ActiveCfg = Debug|Any CPU
		{2E0E134C-BF3B-4E96-A1BC-AA18BD87F623}.Debug|x86.Build.0 = Debug|Any CPU
		{2E0E134C-BF3B-4E96-A1BC-AA18BD87F623}.Release|Any CPU.ActiveCfg = Release|Any CPU
		{2E0E134C-BF3B-4E96-A1BC-AA18BD87F623}.Release|Any CPU.Build.0 = Release|Any CPU
		{2E0E134C-BF3B-4E96-A1BC-AA18BD87F623}.Release|arm64.ActiveCfg = Release|Any CPU
		{2E0E134C-BF3B-4E96-A1BC-AA18BD87F623}.Release|arm64.Build.0 = Release|Any CPU
		{2E0E134C-BF3B-4E96-A1BC-AA18BD87F623}.Release|x64.ActiveCfg = Release|Any CPU
		{2E0E134C-BF3B-4E96-A1BC-AA18BD87F623}.Release|x64.Build.0 = Release|Any CPU
		{2E0E134C-BF3B-4E96-A1BC-AA18BD87F623}.Release|x86.ActiveCfg = Release|Any CPU
		{2E0E134C-BF3B-4E96-A1BC-AA18BD87F623}.Release|x86.Build.0 = Release|Any CPU
		{BD33FC88-0503-4767-81D0-C679A060D2C2}.Debug|Any CPU.ActiveCfg = Debug|Any CPU
		{BD33FC88-0503-4767-81D0-C679A060D2C2}.Debug|Any CPU.Build.0 = Debug|Any CPU
		{BD33FC88-0503-4767-81D0-C679A060D2C2}.Debug|arm64.ActiveCfg = Debug|Any CPU
		{BD33FC88-0503-4767-81D0-C679A060D2C2}.Debug|arm64.Build.0 = Debug|Any CPU
		{BD33FC88-0503-4767-81D0-C679A060D2C2}.Debug|x64.ActiveCfg = Debug|Any CPU
		{BD33FC88-0503-4767-81D0-C679A060D2C2}.Debug|x64.Build.0 = Debug|Any CPU
		{BD33FC88-0503-4767-81D0-C679A060D2C2}.Debug|x86.ActiveCfg = Debug|Any CPU
		{BD33FC88-0503-4767-81D0-C679A060D2C2}.Debug|x86.Build.0 = Debug|Any CPU
		{BD33FC88-0503-4767-81D0-C679A060D2C2}.Release|Any CPU.ActiveCfg = Release|Any CPU
		{BD33FC88-0503-4767-81D0-C679A060D2C2}.Release|Any CPU.Build.0 = Release|Any CPU
		{BD33FC88-0503-4767-81D0-C679A060D2C2}.Release|arm64.ActiveCfg = Release|Any CPU
		{BD33FC88-0503-4767-81D0-C679A060D2C2}.Release|arm64.Build.0 = Release|Any CPU
		{BD33FC88-0503-4767-81D0-C679A060D2C2}.Release|x64.ActiveCfg = Release|Any CPU
		{BD33FC88-0503-4767-81D0-C679A060D2C2}.Release|x64.Build.0 = Release|Any CPU
		{BD33FC88-0503-4767-81D0-C679A060D2C2}.Release|x86.ActiveCfg = Release|Any CPU
		{BD33FC88-0503-4767-81D0-C679A060D2C2}.Release|x86.Build.0 = Release|Any CPU
		{1C3E2C64-BB96-49B5-8206-92EF313604C5}.Debug|Any CPU.ActiveCfg = Debug|Any CPU
		{1C3E2C64-BB96-49B5-8206-92EF313604C5}.Debug|Any CPU.Build.0 = Debug|Any CPU
		{1C3E2C64-BB96-49B5-8206-92EF313604C5}.Debug|arm64.ActiveCfg = Debug|Any CPU
		{1C3E2C64-BB96-49B5-8206-92EF313604C5}.Debug|arm64.Build.0 = Debug|Any CPU
		{1C3E2C64-BB96-49B5-8206-92EF313604C5}.Debug|x64.ActiveCfg = Debug|Any CPU
		{1C3E2C64-BB96-49B5-8206-92EF313604C5}.Debug|x64.Build.0 = Debug|Any CPU
		{1C3E2C64-BB96-49B5-8206-92EF313604C5}.Debug|x86.ActiveCfg = Debug|Any CPU
		{1C3E2C64-BB96-49B5-8206-92EF313604C5}.Debug|x86.Build.0 = Debug|Any CPU
		{1C3E2C64-BB96-49B5-8206-92EF313604C5}.Release|Any CPU.ActiveCfg = Release|Any CPU
		{1C3E2C64-BB96-49B5-8206-92EF313604C5}.Release|Any CPU.Build.0 = Release|Any CPU
		{1C3E2C64-BB96-49B5-8206-92EF313604C5}.Release|arm64.ActiveCfg = Release|Any CPU
		{1C3E2C64-BB96-49B5-8206-92EF313604C5}.Release|arm64.Build.0 = Release|Any CPU
		{1C3E2C64-BB96-49B5-8206-92EF313604C5}.Release|x64.ActiveCfg = Release|Any CPU
		{1C3E2C64-BB96-49B5-8206-92EF313604C5}.Release|x64.Build.0 = Release|Any CPU
		{1C3E2C64-BB96-49B5-8206-92EF313604C5}.Release|x86.ActiveCfg = Release|Any CPU
		{1C3E2C64-BB96-49B5-8206-92EF313604C5}.Release|x86.Build.0 = Release|Any CPU
		{B5CE1058-3F73-413E-91DE-8654A12CA05B}.Debug|Any CPU.ActiveCfg = Debug|Any CPU
		{B5CE1058-3F73-413E-91DE-8654A12CA05B}.Debug|Any CPU.Build.0 = Debug|Any CPU
		{B5CE1058-3F73-413E-91DE-8654A12CA05B}.Debug|Any CPU.Deploy.0 = Debug|Any CPU
		{B5CE1058-3F73-413E-91DE-8654A12CA05B}.Debug|arm64.ActiveCfg = Debug|Any CPU
		{B5CE1058-3F73-413E-91DE-8654A12CA05B}.Debug|arm64.Build.0 = Debug|Any CPU
		{B5CE1058-3F73-413E-91DE-8654A12CA05B}.Debug|arm64.Deploy.0 = Debug|Any CPU
		{B5CE1058-3F73-413E-91DE-8654A12CA05B}.Debug|x64.ActiveCfg = Debug|Any CPU
		{B5CE1058-3F73-413E-91DE-8654A12CA05B}.Debug|x64.Build.0 = Debug|Any CPU
		{B5CE1058-3F73-413E-91DE-8654A12CA05B}.Debug|x64.Deploy.0 = Debug|Any CPU
		{B5CE1058-3F73-413E-91DE-8654A12CA05B}.Debug|x86.ActiveCfg = Debug|Any CPU
		{B5CE1058-3F73-413E-91DE-8654A12CA05B}.Debug|x86.Build.0 = Debug|Any CPU
		{B5CE1058-3F73-413E-91DE-8654A12CA05B}.Debug|x86.Deploy.0 = Debug|Any CPU
		{B5CE1058-3F73-413E-91DE-8654A12CA05B}.Release|Any CPU.ActiveCfg = Release|Any CPU
		{B5CE1058-3F73-413E-91DE-8654A12CA05B}.Release|Any CPU.Build.0 = Release|Any CPU
		{B5CE1058-3F73-413E-91DE-8654A12CA05B}.Release|Any CPU.Deploy.0 = Release|Any CPU
		{B5CE1058-3F73-413E-91DE-8654A12CA05B}.Release|arm64.ActiveCfg = Release|Any CPU
		{B5CE1058-3F73-413E-91DE-8654A12CA05B}.Release|arm64.Build.0 = Release|Any CPU
		{B5CE1058-3F73-413E-91DE-8654A12CA05B}.Release|arm64.Deploy.0 = Release|Any CPU
		{B5CE1058-3F73-413E-91DE-8654A12CA05B}.Release|x64.ActiveCfg = Release|Any CPU
		{B5CE1058-3F73-413E-91DE-8654A12CA05B}.Release|x64.Build.0 = Release|Any CPU
		{B5CE1058-3F73-413E-91DE-8654A12CA05B}.Release|x64.Deploy.0 = Release|Any CPU
		{B5CE1058-3F73-413E-91DE-8654A12CA05B}.Release|x86.ActiveCfg = Release|Any CPU
		{B5CE1058-3F73-413E-91DE-8654A12CA05B}.Release|x86.Build.0 = Release|Any CPU
		{B5CE1058-3F73-413E-91DE-8654A12CA05B}.Release|x86.Deploy.0 = Release|Any CPU
		{ACCEDC85-CFFE-429F-9818-29D9C1D99160}.Debug|Any CPU.ActiveCfg = Debug|x64
		{ACCEDC85-CFFE-429F-9818-29D9C1D99160}.Debug|Any CPU.Build.0 = Debug|x64
		{ACCEDC85-CFFE-429F-9818-29D9C1D99160}.Debug|Any CPU.Deploy.0 = Debug|x64
		{ACCEDC85-CFFE-429F-9818-29D9C1D99160}.Debug|arm64.ActiveCfg = Debug|arm64
		{ACCEDC85-CFFE-429F-9818-29D9C1D99160}.Debug|arm64.Build.0 = Debug|arm64
		{ACCEDC85-CFFE-429F-9818-29D9C1D99160}.Debug|arm64.Deploy.0 = Debug|arm64
		{ACCEDC85-CFFE-429F-9818-29D9C1D99160}.Debug|x64.ActiveCfg = Debug|x64
		{ACCEDC85-CFFE-429F-9818-29D9C1D99160}.Debug|x64.Build.0 = Debug|x64
		{ACCEDC85-CFFE-429F-9818-29D9C1D99160}.Debug|x64.Deploy.0 = Debug|x64
		{ACCEDC85-CFFE-429F-9818-29D9C1D99160}.Debug|x86.ActiveCfg = Debug|x86
		{ACCEDC85-CFFE-429F-9818-29D9C1D99160}.Debug|x86.Build.0 = Debug|x86
		{ACCEDC85-CFFE-429F-9818-29D9C1D99160}.Debug|x86.Deploy.0 = Debug|x86
		{ACCEDC85-CFFE-429F-9818-29D9C1D99160}.Release|Any CPU.ActiveCfg = Release|x64
		{ACCEDC85-CFFE-429F-9818-29D9C1D99160}.Release|Any CPU.Build.0 = Release|x64
		{ACCEDC85-CFFE-429F-9818-29D9C1D99160}.Release|Any CPU.Deploy.0 = Release|x64
		{ACCEDC85-CFFE-429F-9818-29D9C1D99160}.Release|arm64.ActiveCfg = Release|arm64
		{ACCEDC85-CFFE-429F-9818-29D9C1D99160}.Release|arm64.Build.0 = Release|arm64
		{ACCEDC85-CFFE-429F-9818-29D9C1D99160}.Release|arm64.Deploy.0 = Release|arm64
		{ACCEDC85-CFFE-429F-9818-29D9C1D99160}.Release|x64.ActiveCfg = Release|x64
		{ACCEDC85-CFFE-429F-9818-29D9C1D99160}.Release|x64.Build.0 = Release|x64
		{ACCEDC85-CFFE-429F-9818-29D9C1D99160}.Release|x64.Deploy.0 = Release|x64
		{ACCEDC85-CFFE-429F-9818-29D9C1D99160}.Release|x86.ActiveCfg = Release|x86
		{ACCEDC85-CFFE-429F-9818-29D9C1D99160}.Release|x86.Build.0 = Release|x86
		{ACCEDC85-CFFE-429F-9818-29D9C1D99160}.Release|x86.Deploy.0 = Release|x86
		{3F5309E9-9DD4-462A-8978-186E36794582}.Debug|Any CPU.ActiveCfg = Debug|Any CPU
		{3F5309E9-9DD4-462A-8978-186E36794582}.Debug|Any CPU.Build.0 = Debug|Any CPU
		{3F5309E9-9DD4-462A-8978-186E36794582}.Debug|arm64.ActiveCfg = Debug|Any CPU
		{3F5309E9-9DD4-462A-8978-186E36794582}.Debug|arm64.Build.0 = Debug|Any CPU
		{3F5309E9-9DD4-462A-8978-186E36794582}.Debug|x64.ActiveCfg = Debug|Any CPU
		{3F5309E9-9DD4-462A-8978-186E36794582}.Debug|x64.Build.0 = Debug|Any CPU
		{3F5309E9-9DD4-462A-8978-186E36794582}.Debug|x86.ActiveCfg = Debug|Any CPU
		{3F5309E9-9DD4-462A-8978-186E36794582}.Debug|x86.Build.0 = Debug|Any CPU
		{3F5309E9-9DD4-462A-8978-186E36794582}.Release|Any CPU.ActiveCfg = Release|Any CPU
		{3F5309E9-9DD4-462A-8978-186E36794582}.Release|Any CPU.Build.0 = Release|Any CPU
		{3F5309E9-9DD4-462A-8978-186E36794582}.Release|arm64.ActiveCfg = Release|Any CPU
		{3F5309E9-9DD4-462A-8978-186E36794582}.Release|arm64.Build.0 = Release|Any CPU
		{3F5309E9-9DD4-462A-8978-186E36794582}.Release|x64.ActiveCfg = Release|Any CPU
		{3F5309E9-9DD4-462A-8978-186E36794582}.Release|x64.Build.0 = Release|Any CPU
		{3F5309E9-9DD4-462A-8978-186E36794582}.Release|x86.ActiveCfg = Release|Any CPU
		{3F5309E9-9DD4-462A-8978-186E36794582}.Release|x86.Build.0 = Release|Any CPU
		{17CD6CBE-719A-4FD1-8B34-D056AB3D6734}.Debug|Any CPU.ActiveCfg = Debug|Any CPU
		{17CD6CBE-719A-4FD1-8B34-D056AB3D6734}.Debug|Any CPU.Build.0 = Debug|Any CPU
		{17CD6CBE-719A-4FD1-8B34-D056AB3D6734}.Debug|arm64.ActiveCfg = Debug|Any CPU
		{17CD6CBE-719A-4FD1-8B34-D056AB3D6734}.Debug|arm64.Build.0 = Debug|Any CPU
		{17CD6CBE-719A-4FD1-8B34-D056AB3D6734}.Debug|x64.ActiveCfg = Debug|Any CPU
		{17CD6CBE-719A-4FD1-8B34-D056AB3D6734}.Debug|x64.Build.0 = Debug|Any CPU
		{17CD6CBE-719A-4FD1-8B34-D056AB3D6734}.Debug|x86.ActiveCfg = Debug|Any CPU
		{17CD6CBE-719A-4FD1-8B34-D056AB3D6734}.Debug|x86.Build.0 = Debug|Any CPU
		{17CD6CBE-719A-4FD1-8B34-D056AB3D6734}.Release|Any CPU.ActiveCfg = Release|Any CPU
		{17CD6CBE-719A-4FD1-8B34-D056AB3D6734}.Release|Any CPU.Build.0 = Release|Any CPU
		{17CD6CBE-719A-4FD1-8B34-D056AB3D6734}.Release|arm64.ActiveCfg = Release|Any CPU
		{17CD6CBE-719A-4FD1-8B34-D056AB3D6734}.Release|arm64.Build.0 = Release|Any CPU
		{17CD6CBE-719A-4FD1-8B34-D056AB3D6734}.Release|x64.ActiveCfg = Release|Any CPU
		{17CD6CBE-719A-4FD1-8B34-D056AB3D6734}.Release|x64.Build.0 = Release|Any CPU
		{17CD6CBE-719A-4FD1-8B34-D056AB3D6734}.Release|x86.ActiveCfg = Release|Any CPU
		{17CD6CBE-719A-4FD1-8B34-D056AB3D6734}.Release|x86.Build.0 = Release|Any CPU
	EndGlobalSection
	GlobalSection(SolutionProperties) = preSolution
		HideSolutionNode = FALSE
	EndGlobalSection
	GlobalSection(NestedProjects) = preSolution
		{2216F4DD-9491-4852-911C-0CC1AF9BD219} = {51A549E3-757A-4B44-81E9-FB4326E4D249}
		{949C2748-4A4A-4304-9820-FF7A8DB3C973} = {51A549E3-757A-4B44-81E9-FB4326E4D249}
		{196BBC6D-E39E-4540-915C-0A8D2DA25BF9} = {51A549E3-757A-4B44-81E9-FB4326E4D249}
		{2E0E134C-BF3B-4E96-A1BC-AA18BD87F623} = {918D0271-A756-4EF9-8190-3923C6422306}
		{BD33FC88-0503-4767-81D0-C679A060D2C2} = {918D0271-A756-4EF9-8190-3923C6422306}
		{1C3E2C64-BB96-49B5-8206-92EF313604C5} = {2216F4DD-9491-4852-911C-0CC1AF9BD219}
		{B5CE1058-3F73-413E-91DE-8654A12CA05B} = {2216F4DD-9491-4852-911C-0CC1AF9BD219}
		{ACCEDC85-CFFE-429F-9818-29D9C1D99160} = {2216F4DD-9491-4852-911C-0CC1AF9BD219}
		{3F5309E9-9DD4-462A-8978-186E36794582} = {2216F4DD-9491-4852-911C-0CC1AF9BD219}
		{17CD6CBE-719A-4FD1-8B34-D056AB3D6734} = {2216F4DD-9491-4852-911C-0CC1AF9BD219}
	EndGlobalSection
	GlobalSection(ExtensibilityGlobals) = postSolution
		SolutionGuid = {37A2931F-A7ED-4A8F-ABB3-2CA35B3057BA}
	EndGlobalSection
EndGlobal
